
Microsoft Visual Studio Solution File, Format Version 12.00
# Visual Studio Version 16
VisualStudioVersion = 16.0.29215.179
MinimumVisualStudioVersion = 10.0.40219.1
Project("{FAE04EC0-301F-11D3-BF4B-00C04F79EFBC}") = "SummativeCard", "SummativeCard\SummativeCard.csproj", "{6ABADF3E-06A1-4B80-B31D-3C65B8BF79F3}"
EndProject
Global
	GlobalSection(SolutionConfigurationPlatforms) = preSolution
		Debug|Any CPU = Debug|Any CPU
		Release|Any CPU = Release|Any CPU
	EndGlobalSection
	GlobalSection(ProjectConfigurationPlatforms) = postSolution
		{6ABADF3E-06A1-4B80-B31D-3C65B8BF79F3}.Debug|Any CPU.ActiveCfg = Debug|Any CPU
		{6ABADF3E-06A1-4B80-B31D-3C65B8BF79F3}.Debug|Any CPU.Build.0 = Debug|Any CPU
		{6ABADF3E-06A1-4B80-B31D-3C65B8BF79F3}.Release|Any CPU.ActiveCfg = Release|Any CPU
		{6ABADF3E-06A1-4B80-B31D-3C65B8BF79F3}.Release|Any CPU.Build.0 = Release|Any CPU
	EndGlobalSection
	GlobalSection(SolutionProperties) = preSolution
		HideSolutionNode = FALSE
	EndGlobalSection
	GlobalSection(ExtensibilityGlobals) = postSolution
		SolutionGuid = {78995EDB-77A1-4177-AB93-548916E6F0E9}
	EndGlobalSection
EndGlobal
